{
  "version": 4,
  "terraform_version": "1.11.4",
  "serial": 271,
  "lineage": "4624027d-718d-0ab4-26ed-3e5a6aa614f4",
  "outputs": {},
  "resources": [
    {
      "mode": "managed",
      "type": "aws_vpc",
      "name": "gblog_vpc",
      "provider": "provider[\"registry.terraform.io/hashicorp/aws\"]",
      "instances": [
        {
          "schema_version": 1,
          "attributes": {
            "arn": "arn:aws:ec2:us-east-1:239013465815:vpc/vpc-0789cb13ee5fef629",
            "assign_generated_ipv6_cidr_block": false,
            "cidr_block": "10.0.0.0/16",
            "default_network_acl_id": "acl-02456c0b6f8750702",
            "default_route_table_id": "rtb-07e4f54ef05232d85",
            "default_security_group_id": "sg-03175b367c46e2971",
            "dhcp_options_id": "dopt-0b4c5f0a5399dec1f",
            "enable_dns_hostnames": true,
            "enable_dns_support": true,
            "enable_network_address_usage_metrics": false,
            "id": "vpc-0789cb13ee5fef629",
            "instance_tenancy": "default",
            "ipv4_ipam_pool_id": null,
            "ipv4_netmask_length": null,
            "ipv6_association_id": "",
            "ipv6_cidr_block": "",
            "ipv6_cidr_block_network_border_group": "",
            "ipv6_ipam_pool_id": "",
            "ipv6_netmask_length": 0,
            "main_route_table_id": "rtb-07e4f54ef05232d85",
            "owner_id": "239013465815",
            "region": "us-east-1",
            "tags": {
              "Name": "gblog-vpc"
            },
            "tags_all": {
              "Name": "gblog-vpc"
            }
          },
          "sensitive_attributes": [],
          "private": "eyJzY2hlbWFfdmVyc2lvbiI6IjEifQ==",
          "create_before_destroy": true
        }
      ]
    }
  ],
  "check_results": null
}
